
Microsoft Visual Studio Solution File, Format Version 12.00
# Visual Studio Version 17
VisualStudioVersion = 17.7.34202.233
MinimumVisualStudioVersion = 10.0.40219.1
Project("{9A19103F-16F7-4668-BE54-9A1E7A4F7556}") = "CSharpCourse2", "CSharpCourse2\CSharpCourse2.csproj", "{6584FC7E-3A04-4000-B6F9-1AE1FE151E6B}"
EndProject
Project("{9A19103F-16F7-4668-BE54-9A1E7A4F7556}") = "Classes", "Classes\Classes.csproj", "{52482720-1FEC-4166-8EA5-5450D9F0EB89}"
EndProject
Project("{FAE04EC0-301F-11D3-BF4B-00C04F79EFBC}") = "RecapDemo1", "RecapDemo1\RecapDemo1.csproj", "{1AC84E68-F56B-4275-9B9F-723357B7A8D6}"
EndProject
Project("{FAE04EC0-301F-11D3-BF4B-00C04F79EFBC}") = "interfaces", "interfaces\interfaces.csproj", "{286084DF-F2DC-47D9-80D9-551D95181E8C}"
EndProject
Project("{FAE04EC0-301F-11D3-BF4B-00C04F79EFBC}") = "interfacesDemo", "interfacesDemo\interfacesDemo.csproj", "{DE7AFA0B-F092-439A-938D-A958DA803B18}"
EndProject
Project("{FAE04EC0-301F-11D3-BF4B-00C04F79EFBC}") = "inheritance", "inheritance\inheritance.csproj", "{C1AF4D33-1C73-4260-A1E3-B733042E6783}"
EndProject
Global
	GlobalSection(SolutionConfigurationPlatforms) = preSolution
		Debug|Any CPU = Debug|Any CPU
		Release|Any CPU = Release|Any CPU
	EndGlobalSection
	GlobalSection(ProjectConfigurationPlatforms) = postSolution
		{6584FC7E-3A04-4000-B6F9-1AE1FE151E6B}.Debug|Any CPU.ActiveCfg = Debug|Any CPU
		{6584FC7E-3A04-4000-B6F9-1AE1FE151E6B}.Debug|Any CPU.Build.0 = Debug|Any CPU
		{6584FC7E-3A04-4000-B6F9-1AE1FE151E6B}.Release|Any CPU.ActiveCfg = Release|Any CPU
		{6584FC7E-3A04-4000-B6F9-1AE1FE151E6B}.Release|Any CPU.Build.0 = Release|Any CPU
		{52482720-1FEC-4166-8EA5-5450D9F0EB89}.Debug|Any CPU.ActiveCfg = Debug|Any CPU
		{52482720-1FEC-4166-8EA5-5450D9F0EB89}.Debug|Any CPU.Build.0 = Debug|Any CPU
		{52482720-1FEC-4166-8EA5-5450D9F0EB89}.Release|Any CPU.ActiveCfg = Release|Any CPU
		{52482720-1FEC-4166-8EA5-5450D9F0EB89}.Release|Any CPU.Build.0 = Release|Any CPU
		{1AC84E68-F56B-4275-9B9F-723357B7A8D6}.Debug|Any CPU.ActiveCfg = Debug|Any CPU
		{1AC84E68-F56B-4275-9B9F-723357B7A8D6}.Debug|Any CPU.Build.0 = Debug|Any CPU
		{1AC84E68-F56B-4275-9B9F-723357B7A8D6}.Release|Any CPU.ActiveCfg = Release|Any CPU
		{1AC84E68-F56B-4275-9B9F-723357B7A8D6}.Release|Any CPU.Build.0 = Release|Any CPU
		{286084DF-F2DC-47D9-80D9-551D95181E8C}.Debug|Any CPU.ActiveCfg = Debug|Any CPU
		{286084DF-F2DC-47D9-80D9-551D95181E8C}.Debug|Any CPU.Build.0 = Debug|Any CPU
		{286084DF-F2DC-47D9-80D9-551D95181E8C}.Release|Any CPU.ActiveCfg = Release|Any CPU
		{286084DF-F2DC-47D9-80D9-551D95181E8C}.Release|Any CPU.Build.0 = Release|Any CPU
		{DE7AFA0B-F092-439A-938D-A958DA803B18}.Debug|Any CPU.ActiveCfg = Debug|Any CPU
		{DE7AFA0B-F092-439A-938D-A958DA803B18}.Debug|Any CPU.Build.0 = Debug|Any CPU
		{DE7AFA0B-F092-439A-938D-A958DA803B18}.Release|Any CPU.ActiveCfg = Release|Any CPU
		{DE7AFA0B-F092-439A-938D-A958DA803B18}.Release|Any CPU.Build.0 = Release|Any CPU
		{C1AF4D33-1C73-4260-A1E3-B733042E6783}.Debug|Any CPU.ActiveCfg = Debug|Any CPU
		{C1AF4D33-1C73-4260-A1E3-B733042E6783}.Debug|Any CPU.Build.0 = Debug|Any CPU
		{C1AF4D33-1C73-4260-A1E3-B733042E6783}.Release|Any CPU.ActiveCfg = Release|Any CPU
		{C1AF4D33-1C73-4260-A1E3-B733042E6783}.Release|Any CPU.Build.0 = Release|Any CPU
	EndGlobalSection
	GlobalSection(SolutionProperties) = preSolution
		HideSolutionNode = FALSE
	EndGlobalSection
	GlobalSection(ExtensibilityGlobals) = postSolution
		SolutionGuid = {9B74EC73-06B9-40C5-B538-7400C6FB2D30}
	EndGlobalSection
EndGlobal
